# This file is autogenerated, do not edit; changes may be undone by the next 'dep ensure'.


[[projects]]
  name = "github.com/jinzhu/gorm"
  packages = ["."]
  revision = "6ed508ec6a4ecb3531899a69cbc746ccf65a4166"
  version = "v1.9.1"

[[projects]]
  branch = "master"
  name = "github.com/jinzhu/inflection"
  packages = ["."]
  revision = "04140366298a54a039076d798123ffa108fff46c"

[solve-meta]
  analyzer-name = "dep"
  analyzer-version = 1
  inputs-digest = "08b391fd4cbb9603d220c92e07bd9ab973fddc2b8aabe28f5b775c7ebf9d26e5"
  solver-name = "gps-cdcl"
  solver-version = 1
